
Microsoft Visual Studio Solution File, Format Version 11.00
# Visual Studio 2010
Project("{FAE04EC0-301F-11D3-BF4B-00C04F79EFBC}") = "PhotonUnityNetworking.Utilities", "PhotonUnityNetworking.Utilities.csproj", "{B7672D9B-470C-7B60-43C7-4FE0593ACC92}"
EndProject
Project("{FAE04EC0-301F-11D3-BF4B-00C04F79EFBC}") = "Assembly-CSharp", "Assembly-CSharp.csproj", "{00ED0122-5FDF-8F43-EC6D-9D988465B6A6}"
EndProject
Project("{FAE04EC0-301F-11D3-BF4B-00C04F79EFBC}") = "PhotonChat", "PhotonChat.csproj", "{05F149CE-0381-6476-E26A-E9EB1BACC80E}"
EndProject
Project("{FAE04EC0-301F-11D3-BF4B-00C04F79EFBC}") = "PhotonUnityNetworking", "PhotonUnityNetworking.csproj", "{B732507C-265E-3646-D841-BA8198F5ACEA}"
EndProject
Project("{FAE04EC0-301F-11D3-BF4B-00C04F79EFBC}") = "PhotonRealtime", "PhotonRealtime.csproj", "{D6507EFD-C58B-20EA-EBC6-80FC8A3787F6}"
EndProject
Project("{FAE04EC0-301F-11D3-BF4B-00C04F79EFBC}") = "PhotonUnityNetworking.Editor", "PhotonUnityNetworking.Editor.csproj", "{DB52816A-1F70-96C1-B53A-F4A8F41FBC60}"
EndProject
Project("{FAE04EC0-301F-11D3-BF4B-00C04F79EFBC}") = "PhotonUnityNetworking.Utilities.PhotonPlayer.Editor", "PhotonUnityNetworking.Utilities.PhotonPlayer.Editor.csproj", "{B08AB919-F987-9BE7-4004-BC5204B74959}"
EndProject
Project("{FAE04EC0-301F-11D3-BF4B-00C04F79EFBC}") = "PhotonUnityNetworking.Utilities.Culling.Editor", "PhotonUnityNetworking.Utilities.Culling.Editor.csproj", "{A82F3CC3-4B16-6A28-740B-77D9B478CA75}"
EndProject
Global
	GlobalSection(SolutionConfigurationPlatforms) = preSolution
		Debug|Any CPU = Debug|Any CPU
		Release|Any CPU = Release|Any CPU
	EndGlobalSection
	GlobalSection(ProjectConfigurationPlatforms) = postSolution
		{B7672D9B-470C-7B60-43C7-4FE0593ACC92}.Debug|Any CPU.ActiveCfg = Debug|Any CPU
		{B7672D9B-470C-7B60-43C7-4FE0593ACC92}.Debug|Any CPU.Build.0 = Debug|Any CPU
		{B7672D9B-470C-7B60-43C7-4FE0593ACC92}.Release|Any CPU.ActiveCfg = Release|Any CPU
		{B7672D9B-470C-7B60-43C7-4FE0593ACC92}.Release|Any CPU.Build.0 = Release|Any CPU
		{00ED0122-5FDF-8F43-EC6D-9D988465B6A6}.Debug|Any CPU.ActiveCfg = Debug|Any CPU
		{00ED0122-5FDF-8F43-EC6D-9D988465B6A6}.Debug|Any CPU.Build.0 = Debug|Any CPU
		{00ED0122-5FDF-8F43-EC6D-9D988465B6A6}.Release|Any CPU.ActiveCfg = Release|Any CPU
		{00ED0122-5FDF-8F43-EC6D-9D988465B6A6}.Release|Any CPU.Build.0 = Release|Any CPU
		{05F149CE-0381-6476-E26A-E9EB1BACC80E}.Debug|Any CPU.ActiveCfg = Debug|Any CPU
		{05F149CE-0381-6476-E26A-E9EB1BACC80E}.Debug|Any CPU.Build.0 = Debug|Any CPU
		{05F149CE-0381-6476-E26A-E9EB1BACC80E}.Release|Any CPU.ActiveCfg = Release|Any CPU
		{05F149CE-0381-6476-E26A-E9EB1BACC80E}.Release|Any CPU.Build.0 = Release|Any CPU
		{B732507C-265E-3646-D841-BA8198F5ACEA}.Debug|Any CPU.ActiveCfg = Debug|Any CPU
		{B732507C-265E-3646-D841-BA8198F5ACEA}.Debug|Any CPU.Build.0 = Debug|Any CPU
		{B732507C-265E-3646-D841-BA8198F5ACEA}.Release|Any CPU.ActiveCfg = Release|Any CPU
		{B732507C-265E-3646-D841-BA8198F5ACEA}.Release|Any CPU.Build.0 = Release|Any CPU
		{D6507EFD-C58B-20EA-EBC6-80FC8A3787F6}.Debug|Any CPU.ActiveCfg = Debug|Any CPU
		{D6507EFD-C58B-20EA-EBC6-80FC8A3787F6}.Debug|Any CPU.Build.0 = Debug|Any CPU
		{D6507EFD-C58B-20EA-EBC6-80FC8A3787F6}.Release|Any CPU.ActiveCfg = Release|Any CPU
		{D6507EFD-C58B-20EA-EBC6-80FC8A3787F6}.Release|Any CPU.Build.0 = Release|Any CPU
		{DB52816A-1F70-96C1-B53A-F4A8F41FBC60}.Debug|Any CPU.ActiveCfg = Debug|Any CPU
		{DB52816A-1F70-96C1-B53A-F4A8F41FBC60}.Debug|Any CPU.Build.0 = Debug|Any CPU
		{DB52816A-1F70-96C1-B53A-F4A8F41FBC60}.Release|Any CPU.ActiveCfg = Release|Any CPU
		{DB52816A-1F70-96C1-B53A-F4A8F41FBC60}.Release|Any CPU.Build.0 = Release|Any CPU
		{B08AB919-F987-9BE7-4004-BC5204B74959}.Debug|Any CPU.ActiveCfg = Debug|Any CPU
		{B08AB919-F987-9BE7-4004-BC5204B74959}.Debug|Any CPU.Build.0 = Debug|Any CPU
		{B08AB919-F987-9BE7-4004-BC5204B74959}.Release|Any CPU.ActiveCfg = Release|Any CPU
		{B08AB919-F987-9BE7-4004-BC5204B74959}.Release|Any CPU.Build.0 = Release|Any CPU
		{A82F3CC3-4B16-6A28-740B-77D9B478CA75}.Debug|Any CPU.ActiveCfg = Debug|Any CPU
		{A82F3CC3-4B16-6A28-740B-77D9B478CA75}.Debug|Any CPU.Build.0 = Debug|Any CPU
		{A82F3CC3-4B16-6A28-740B-77D9B478CA75}.Release|Any CPU.ActiveCfg = Release|Any CPU
		{A82F3CC3-4B16-6A28-740B-77D9B478CA75}.Release|Any CPU.Build.0 = Release|Any CPU
	EndGlobalSection
	GlobalSection(SolutionProperties) = preSolution
		HideSolutionNode = FALSE
	EndGlobalSection
EndGlobal
